{
  "name": "cribbage",
  "version": "1.0.0",
  "lockfileVersion": 1,
  "requires": true,
  "dependencies": {
    "lildeck": {
      "version": "1.0.0",
      "resolved": "https://registry.npmjs.org/lildeck/-/lildeck-1.0.0.tgz",
      "integrity": "sha512-Tk5G3FtzwtXIwH5iQW5sEH83GYkPYtrfiyPEJRGMghcnZVb3asCQ58YUv6mrcSScUQdGtH5e+ljXNeGkp8qzOQ=="
    }
  }
}
